
Microsoft Visual Studio Solution File, Format Version 12.00
# Visual Studio 15
VisualStudioVersion = 15.0.28307.421
MinimumVisualStudioVersion = 10.0.40219.1
Project("{FAE04EC0-301F-11D3-BF4B-00C04F79EFBC}") = "Hotel", "Hotel\Hotel.csproj", "{2D545C5E-2F12-41ED-9369-BB01E43EAB1D}"
EndProject
Global
	GlobalSection(SolutionConfigurationPlatforms) = preSolution
		Debug|Any CPU = Debug|Any CPU
		Release|Any CPU = Release|Any CPU
	EndGlobalSection
	GlobalSection(ProjectConfigurationPlatforms) = postSolution
		{2D545C5E-2F12-41ED-9369-BB01E43EAB1D}.Debug|Any CPU.ActiveCfg = Debug|Any CPU
		{2D545C5E-2F12-41ED-9369-BB01E43EAB1D}.Debug|Any CPU.Build.0 = Debug|Any CPU
		{2D545C5E-2F12-41ED-9369-BB01E43EAB1D}.Release|Any CPU.ActiveCfg = Release|Any CPU
		{2D545C5E-2F12-41ED-9369-BB01E43EAB1D}.Release|Any CPU.Build.0 = Release|Any CPU
	EndGlobalSection
	GlobalSection(SolutionProperties) = preSolution
		HideSolutionNode = FALSE
	EndGlobalSection
	GlobalSection(ExtensibilityGlobals) = postSolution
		SolutionGuid = {493DA78B-75A7-4636-A5EA-DE2E80E9588E}
	EndGlobalSection
EndGlobal
